// !$*UTF8*$!
{
	archiveVersion = 1;
	classes = {
	};
	objectVersion = 46;
	objects = {

/* Begin PBXBuildFile section */
		15A3D7B91682F609002FB0C5 /* libcocos2dx.a in Frameworks */ = {isa = PBXBuildFile; fileRef = 15A3D7B61682F5ED002FB0C5 /* libcocos2dx.a */; };
		1D60589F0D05DD5A006BFB54 /* Foundation.framework in Frameworks */ = {isa = PBXBuildFile; fileRef = 1D30AB110D05D00D00671497 /* Foundation.framework */; };
		1DF5F4E00D08C38300B7A737 /* UIKit.framework in Frameworks */ = {isa = PBXBuildFile; fileRef = 1DF5F4DF0D08C38300B7A737 /* UIKit.framework */; };
		288765A50DF7441C002DB57D /* CoreGraphics.framework in Frameworks */ = {isa = PBXBuildFile; fileRef = 288765A40DF7441C002DB57D /* CoreGraphics.framework */; };
		846431E817AB00DF00D38FC8 /* Default.png in Resources */ = {isa = PBXBuildFile; fileRef = 846431E717AB00DF00D38FC8 /* Default.png */; };
		846431EA17AB00F100D38FC8 /* Default@2x.png in Resources */ = {isa = PBXBuildFile; fileRef = 846431E917AB00F100D38FC8 /* Default@2x.png */; };
		846431EC17AB010200D38FC8 /* Default-568h@2x.png in Resources */ = {isa = PBXBuildFile; fileRef = 846431EB17AB010200D38FC8 /* Default-568h@2x.png */; };
		846431EE17AB013E00D38FC8 /* Default-Portrait~ipad.png in Resources */ = {isa = PBXBuildFile; fileRef = 846431ED17AB013E00D38FC8 /* Default-Portrait~ipad.png */; };
		846431F017AB015000D38FC8 /* Default-Portrait@2x~ipad.png in Resources */ = {isa = PBXBuildFile; fileRef = 846431EF17AB015000D38FC8 /* Default-Portrait@2x~ipad.png */; };
		846431F217AB023500D38FC8 /* Default-Landscape@2x~ipad.png in Resources */ = {isa = PBXBuildFile; fileRef = 846431F117AB023500D38FC8 /* Default-Landscape@2x~ipad.png */; };
		846431F417AB024300D38FC8 /* Default-Landscape~ipad.png in Resources */ = {isa = PBXBuildFile; fileRef = 846431F317AB024300D38FC8 /* Default-Landscape~ipad.png */; };
		84AB1EE4179857840076489C /* HockeyScene.cpp in Sources */ = {isa = PBXBuildFile; fileRef = 84AB1EDF179857840076489C /* HockeyScene.cpp */; };
		84AB1EE5179857840076489C /* VectorSprite.cpp in Sources */ = {isa = PBXBuildFile; fileRef = 84AB1EE1179857840076489C /* VectorSprite.cpp */; };
		BF1373EF128A898400D9F789 /* OpenGLES.framework in Frameworks */ = {isa = PBXBuildFile; fileRef = BF492D4B1289302400A09262 /* OpenGLES.framework */; };
		BF1373F0128A899500D9F789 /* libxml2.dylib in Frameworks */ = {isa = PBXBuildFile; fileRef = BF492C21128924A800A09262 /* libxml2.dylib */; };
		BF1373F1128A899E00D9F789 /* libz.dylib in Frameworks */ = {isa = PBXBuildFile; fileRef = BF492B6912891AC600A09262 /* libz.dylib */; };
		BF13742F128A8E6A00D9F789 /* QuartzCore.framework in Frameworks */ = {isa = PBXBuildFile; fileRef = BF137426128A8E4600D9F789 /* QuartzCore.framework */; };
		BF365AA812A103F70050DCF4 /* AppController.mm in Sources */ = {isa = PBXBuildFile; fileRef = BF365AA712A103F70050DCF4 /* AppController.mm */; };
		BF4DE6AD138BB89600CF907D /* RootViewController.mm in Sources */ = {isa = PBXBuildFile; fileRef = BF4DE6AC138BB89600CF907D /* RootViewController.mm */; };
		D4ABB4B313B4395300552E6E /* main.m in Sources */ = {isa = PBXBuildFile; fileRef = D4ABB4B213B4395300552E6E /* main.m */; };
		F00074FD181417C200BD3715 /* game_center.mm in Sources */ = {isa = PBXBuildFile; fileRef = F00074FC181417C200BD3715 /* game_center.mm */; };
		F0132E3717F3821900ECF5AA /* Security.framework in Frameworks */ = {isa = PBXBuildFile; fileRef = F0132E3617F3821900ECF5AA /* Security.framework */; };
		F0247A1117F798EF00D30678 /* flurry_api_key.txt in Resources */ = {isa = PBXBuildFile; fileRef = F0247A1017F798EF00D30678 /* flurry_api_key.txt */; };
		F03981171804DD9900D436D4 /* icon29.png in Resources */ = {isa = PBXBuildFile; fileRef = F039810A1804DD9900D436D4 /* icon29.png */; };
		F03981181804DD9900D436D4 /* icon40.png in Resources */ = {isa = PBXBuildFile; fileRef = F039810B1804DD9900D436D4 /* icon40.png */; };
		F03981191804DD9900D436D4 /* icon50.png in Resources */ = {isa = PBXBuildFile; fileRef = F039810C1804DD9900D436D4 /* icon50.png */; };
		F039811A1804DD9900D436D4 /* icon57.png in Resources */ = {isa = PBXBuildFile; fileRef = F039810D1804DD9900D436D4 /* icon57.png */; };
		F039811B1804DD9900D436D4 /* icon58.png in Resources */ = {isa = PBXBuildFile; fileRef = F039810E1804DD9900D436D4 /* icon58.png */; };
		F039811C1804DD9900D436D4 /* icon72.png in Resources */ = {isa = PBXBuildFile; fileRef = F039810F1804DD9900D436D4 /* icon72.png */; };
		F039811D1804DD9900D436D4 /* icon76.png in Resources */ = {isa = PBXBuildFile; fileRef = F03981101804DD9900D436D4 /* icon76.png */; };
		F039811E1804DD9900D436D4 /* icon80.png in Resources */ = {isa = PBXBuildFile; fileRef = F03981111804DD9900D436D4 /* icon80.png */; };
		F039811F1804DD9900D436D4 /* icon100.png in Resources */ = {isa = PBXBuildFile; fileRef = F03981121804DD9900D436D4 /* icon100.png */; };
		F03981201804DD9900D436D4 /* icon114.png in Resources */ = {isa = PBXBuildFile; fileRef = F03981131804DD9900D436D4 /* icon114.png */; };
		F03981211804DD9900D436D4 /* icon120.png in Resources */ = {isa = PBXBuildFile; fileRef = F03981141804DD9900D436D4 /* icon120.png */; };
		F03981221804DD9900D436D4 /* icon144.png in Resources */ = {isa = PBXBuildFile; fileRef = F03981151804DD9900D436D4 /* icon144.png */; };
		F03981231804DD9900D436D4 /* icon152.png in Resources */ = {isa = PBXBuildFile; fileRef = F03981161804DD9900D436D4 /* icon152.png */; };
		F03E683C17F379E3000E1B5E /* SystemConfiguration.framework in Frameworks */ = {isa = PBXBuildFile; fileRef = F03E683B17F379E3000E1B5E /* SystemConfiguration.framework */; };
		F06CA82717E902A400E13315 /* button.wav in Resources */ = {isa = PBXBuildFile; fileRef = F06CA81B17E902A400E13315 /* button.wav */; };
		F06CA82817E902A400E13315 /* goal.mp3 in Resources */ = {isa = PBXBuildFile; fileRef = F06CA81C17E902A400E13315 /* goal.mp3 */; };
		F06CA82917E902A400E13315 /* iphone in Resources */ = {isa = PBXBuildFile; fileRef = F06CA81D17E902A400E13315 /* iphone */; };
		F06CA82A17E902A400E13315 /* iphone5 in Resources */ = {isa = PBXBuildFile; fileRef = F06CA81E17E902A400E13315 /* iphone5 */; };
		F06CA82B17E902A400E13315 /* language_en in Resources */ = {isa = PBXBuildFile; fileRef = F06CA81F17E902A400E13315 /* language_en */; };
		F06CA82C17E902A400E13315 /* language_es in Resources */ = {isa = PBXBuildFile; fileRef = F06CA82017E902A400E13315 /* language_es */; };
		F06CA83017E902A400E13315 /* nexus10 in Resources */ = {isa = PBXBuildFile; fileRef = F06CA82417E902A400E13315 /* nexus10 */; };
		F06CA83117E902A400E13315 /* puck_wall.wav in Resources */ = {isa = PBXBuildFile; fileRef = F06CA82517E902A400E13315 /* puck_wall.wav */; };
		F06CA83217E902A400E13315 /* puck.wav in Resources */ = {isa = PBXBuildFile; fileRef = F06CA82617E902A400E13315 /* puck.wav */; };
		F07BB71A1808C316004408BF /* AdSupport.framework in Frameworks */ = {isa = PBXBuildFile; fileRef = F07BB7191808C316004408BF /* AdSupport.framework */; };
		F07BB7251808CB57004408BF /* AppDelegate.cpp in Sources */ = {isa = PBXBuildFile; fileRef = F07BB7241808CB57004408BF /* AppDelegate.cpp */; };
		F07FCEFF1804D65C0087419F /* LondrinaSolid-Regular.ttf in Resources */ = {isa = PBXBuildFile; fileRef = F07FCEFE1804D65C0087419F /* LondrinaSolid-Regular.ttf */; };
		F0852482181418BA0052E114 /* SquareButton.cpp in Sources */ = {isa = PBXBuildFile; fileRef = F0852480181418BA0052E114 /* SquareButton.cpp */; };
		F08A05D417F5FF20007B15D3 /* flurry_helper.mm in Sources */ = {isa = PBXBuildFile; fileRef = F08A05D317F5FF20007B15D3 /* flurry_helper.mm */; };
		F0A4707117E6933F00975F65 /* CCLocalizedString.cpp in Sources */ = {isa = PBXBuildFile; fileRef = F0A4706917E6933F00975F65 /* CCLocalizedString.cpp */; };
		F0A4707217E6933F00975F65 /* LevelsScene.cpp in Sources */ = {isa = PBXBuildFile; fileRef = F0A4706B17E6933F00975F65 /* LevelsScene.cpp */; };
		F0A4707317E6933F00975F65 /* MenuScene.cpp in Sources */ = {isa = PBXBuildFile; fileRef = F0A4706D17E6933F00975F65 /* MenuScene.cpp */; };
		F0A4707417E6933F00975F65 /* MenuSprite.cpp in Sources */ = {isa = PBXBuildFile; fileRef = F0A4706F17E6933F00975F65 /* MenuSprite.cpp */; };
		F0A471E617E6992600975F65 /* CDAudioManager.m in Sources */ = {isa = PBXBuildFile; fileRef = F0A471DD17E6992600975F65 /* CDAudioManager.m */; };
		F0A471E717E6992600975F65 /* CDOpenALSupport.m in Sources */ = {isa = PBXBuildFile; fileRef = F0A471E017E6992600975F65 /* CDOpenALSupport.m */; };
		F0A471E817E6992600975F65 /* CocosDenshion.m in Sources */ = {isa = PBXBuildFile; fileRef = F0A471E217E6992600975F65 /* CocosDenshion.m */; };
		F0A471E917E6992600975F65 /* SimpleAudioEngine.mm in Sources */ = {isa = PBXBuildFile; fileRef = F0A471E317E6992600975F65 /* SimpleAudioEngine.mm */; };
		F0A471EA17E6992600975F65 /* SimpleAudioEngine_objc.m in Sources */ = {isa = PBXBuildFile; fileRef = F0A471E517E6992600975F65 /* SimpleAudioEngine_objc.m */; };
		F0A471EB17E69A8E00975F65 /* AudioToolbox.framework in Frameworks */ = {isa = PBXBuildFile; fileRef = 781C33B31547F06B00633F88 /* AudioToolbox.framework */; };
		F0A471EC17E69AB800975F65 /* AVFoundation.framework in Frameworks */ = {isa = PBXBuildFile; fileRef = 781C33B51547F06B00633F88 /* AVFoundation.framework */; };
		F0A471ED17E69AD500975F65 /* OpenAL.framework in Frameworks */ = {isa = PBXBuildFile; fileRef = 781C33B11547F06B00633F88 /* OpenAL.framework */; };
		F0CCBB49185955700066E819 /* StoreKit.framework in Frameworks */ = {isa = PBXBuildFile; fileRef = F0CCBB48185955700066E819 /* StoreKit.framework */; };
		F0CCBB4C1859561E0066E819 /* libRevMobCocos2dx.a in Frameworks */ = {isa = PBXBuildFile; fileRef = F0CCBB4A1859561E0066E819 /* libRevMobCocos2dx.a */; };
		F0CCBB5218595AE80066E819 /* libFlurry_4.2.3.a in Frameworks */ = {isa = PBXBuildFile; fileRef = F0CCBB5118595AE80066E819 /* libFlurry_4.2.3.a */; };
		F0FA78921809FC9300183A4C /* GameKit.framework in Frameworks */ = {isa = PBXBuildFile; fileRef = F0FA78911809FC9300183A4C /* GameKit.framework */; };
		F0FA7897180A025D00183A4C /* PlayerModel.m in Sources */ = {isa = PBXBuildFile; fileRef = F0FA7894180A025D00183A4C /* PlayerModel.m */; };
/* End PBXBuildFile section */

/* Begin PBXContainerItemProxy section */
		15A3D7B51682F5ED002FB0C5 /* PBXContainerItemProxy */ = {
			isa = PBXContainerItemProxy;
			containerPortal = 15A3D7AE1682F5EC002FB0C5 /* cocos2dx.xcodeproj */;
			proxyType = 2;
			remoteGlobalIDString = 1551A33F158F2AB200E66CFE;
			remoteInfo = cocos2dx;
		};
		15A3D7B71682F600002FB0C5 /* PBXContainerItemProxy */ = {
			isa = PBXContainerItemProxy;
			containerPortal = 15A3D7AE1682F5EC002FB0C5 /* cocos2dx.xcodeproj */;
			proxyType = 1;
			remoteGlobalIDString = 1551A33E158F2AB200E66CFE;
			remoteInfo = cocos2dx;
		};
/* End PBXContainerItemProxy section */

/* Begin PBXFileReference section */
		15A3D7AE1682F5EC002FB0C5 /* cocos2dx.xcodeproj */ = {isa = PBXFileReference; lastKnownFileType = "wrapper.pb-project"; name = cocos2dx.xcodeproj; path = ../../../../cocos2dx/proj.ios/cocos2dx.xcodeproj; sourceTree = "<group>"; };
		1D30AB110D05D00D00671497 /* Foundation.framework */ = {isa = PBXFileReference; lastKnownFileType = wrapper.framework; name = Foundation.framework; path = System/Library/Frameworks/Foundation.framework; sourceTree = SDKROOT; };
		1D6058910D05DD3D006BFB54 /* Hockey.app */ = {isa = PBXFileReference; explicitFileType = wrapper.application; includeInIndex = 0; path = Hockey.app; sourceTree = BUILT_PRODUCTS_DIR; };
		1DF5F4DF0D08C38300B7A737 /* UIKit.framework */ = {isa = PBXFileReference; lastKnownFileType = wrapper.framework; name = UIKit.framework; path = System/Library/Frameworks/UIKit.framework; sourceTree = SDKROOT; };
		288765A40DF7441C002DB57D /* CoreGraphics.framework */ = {isa = PBXFileReference; lastKnownFileType = wrapper.framework; name = CoreGraphics.framework; path = System/Library/Frameworks/CoreGraphics.framework; sourceTree = SDKROOT; };
		781C33B11547F06B00633F88 /* OpenAL.framework */ = {isa = PBXFileReference; lastKnownFileType = wrapper.framework; name = OpenAL.framework; path = System/Library/Frameworks/OpenAL.framework; sourceTree = SDKROOT; };
		781C33B31547F06B00633F88 /* AudioToolbox.framework */ = {isa = PBXFileReference; lastKnownFileType = wrapper.framework; name = AudioToolbox.framework; path = System/Library/Frameworks/AudioToolbox.framework; sourceTree = SDKROOT; };
		781C33B51547F06B00633F88 /* AVFoundation.framework */ = {isa = PBXFileReference; lastKnownFileType = wrapper.framework; name = AVFoundation.framework; path = System/Library/Frameworks/AVFoundation.framework; sourceTree = SDKROOT; };
		846431E717AB00DF00D38FC8 /* Default.png */ = {isa = PBXFileReference; lastKnownFileType = image.png; path = Default.png; sourceTree = "<group>"; };
		846431E917AB00F100D38FC8 /* Default@2x.png */ = {isa = PBXFileReference; lastKnownFileType = image.png; path = "Default@2x.png"; sourceTree = "<group>"; };
		846431EB17AB010200D38FC8 /* Default-568h@2x.png */ = {isa = PBXFileReference; lastKnownFileType = image.png; path = "Default-568h@2x.png"; sourceTree = "<group>"; };
		846431ED17AB013E00D38FC8 /* Default-Portrait~ipad.png */ = {isa = PBXFileReference; lastKnownFileType = image.png; path = "Default-Portrait~ipad.png"; sourceTree = "<group>"; };
		846431EF17AB015000D38FC8 /* Default-Portrait@2x~ipad.png */ = {isa = PBXFileReference; lastKnownFileType = image.png; path = "Default-Portrait@2x~ipad.png"; sourceTree = "<group>"; };
		846431F117AB023500D38FC8 /* Default-Landscape@2x~ipad.png */ = {isa = PBXFileReference; lastKnownFileType = image.png; path = "Default-Landscape@2x~ipad.png"; sourceTree = "<group>"; };
		846431F317AB024300D38FC8 /* Default-Landscape~ipad.png */ = {isa = PBXFileReference; lastKnownFileType = image.png; path = "Default-Landscape~ipad.png"; sourceTree = "<group>"; };
		84AB1EDE179857840076489C /* AppDelegate.h */ = {isa = PBXFileReference; fileEncoding = 4; lastKnownFileType = sourcecode.c.h; path = AppDelegate.h; sourceTree = "<group>"; };
		84AB1EDF179857840076489C /* HockeyScene.cpp */ = {isa = PBXFileReference; fileEncoding = 4; lastKnownFileType = sourcecode.cpp.cpp; path = HockeyScene.cpp; sourceTree = "<group>"; };
		84AB1EE0179857840076489C /* HockeyScene.h */ = {isa = PBXFileReference; fileEncoding = 4; lastKnownFileType = sourcecode.c.h; path = HockeyScene.h; sourceTree = "<group>"; };
		84AB1EE1179857840076489C /* VectorSprite.cpp */ = {isa = PBXFileReference; fileEncoding = 4; lastKnownFileType = sourcecode.cpp.cpp; path = VectorSprite.cpp; sourceTree = "<group>"; };
		84AB1EE2179857840076489C /* VectorSprite.h */ = {isa = PBXFileReference; fileEncoding = 4; lastKnownFileType = sourcecode.c.h; path = VectorSprite.h; sourceTree = "<group>"; };
		BF137426128A8E4600D9F789 /* QuartzCore.framework */ = {isa = PBXFileReference; lastKnownFileType = wrapper.framework; name = QuartzCore.framework; path = System/Library/Frameworks/QuartzCore.framework; sourceTree = SDKROOT; };
		BF365AA612A103F70050DCF4 /* AppController.h */ = {isa = PBXFileReference; fileEncoding = 4; lastKnownFileType = sourcecode.c.h; path = AppController.h; sourceTree = "<group>"; };
		BF365AA712A103F70050DCF4 /* AppController.mm */ = {isa = PBXFileReference; fileEncoding = 4; lastKnownFileType = sourcecode.cpp.objcpp; path = AppController.mm; sourceTree = "<group>"; };
		BF492B6912891AC600A09262 /* libz.dylib */ = {isa = PBXFileReference; lastKnownFileType = "compiled.mach-o.dylib"; name = libz.dylib; path = usr/lib/libz.dylib; sourceTree = SDKROOT; };
		BF492C21128924A800A09262 /* libxml2.dylib */ = {isa = PBXFileReference; lastKnownFileType = "compiled.mach-o.dylib"; name = libxml2.dylib; path = usr/lib/libxml2.dylib; sourceTree = SDKROOT; };
		BF492D4B1289302400A09262 /* OpenGLES.framework */ = {isa = PBXFileReference; lastKnownFileType = wrapper.framework; name = OpenGLES.framework; path = System/Library/Frameworks/OpenGLES.framework; sourceTree = SDKROOT; };
		BF4DE6AB138BB89600CF907D /* RootViewController.h */ = {isa = PBXFileReference; fileEncoding = 4; lastKnownFileType = sourcecode.c.h; path = RootViewController.h; sourceTree = "<group>"; };
		BF4DE6AC138BB89600CF907D /* RootViewController.mm */ = {isa = PBXFileReference; fileEncoding = 4; lastKnownFileType = sourcecode.cpp.objcpp; path = RootViewController.mm; sourceTree = "<group>"; };
		D4ABB4B213B4395300552E6E /* main.m */ = {isa = PBXFileReference; fileEncoding = 4; lastKnownFileType = sourcecode.c.objc; path = main.m; sourceTree = "<group>"; };
		F00074FB181417C200BD3715 /* game_center.h */ = {isa = PBXFileReference; fileEncoding = 4; lastKnownFileType = sourcecode.c.h; path = game_center.h; sourceTree = "<group>"; };
		F00074FC181417C200BD3715 /* game_center.mm */ = {isa = PBXFileReference; fileEncoding = 4; lastKnownFileType = sourcecode.cpp.objcpp; path = game_center.mm; sourceTree = "<group>"; };
		F0132E3617F3821900ECF5AA /* Security.framework */ = {isa = PBXFileReference; lastKnownFileType = wrapper.framework; name = Security.framework; path = System/Library/Frameworks/Security.framework; sourceTree = SDKROOT; };
		F0247A1017F798EF00D30678 /* flurry_api_key.txt */ = {isa = PBXFileReference; fileEncoding = 4; lastKnownFileType = text; path = flurry_api_key.txt; sourceTree = "<group>"; };
		F039810A1804DD9900D436D4 /* icon29.png */ = {isa = PBXFileReference; lastKnownFileType = image.png; path = icon29.png; sourceTree = "<group>"; };
		F039810B1804DD9900D436D4 /* icon40.png */ = {isa = PBXFileReference; lastKnownFileType = image.png; path = icon40.png; sourceTree = "<group>"; };
		F039810C1804DD9900D436D4 /* icon50.png */ = {isa = PBXFileReference; lastKnownFileType = image.png; path = icon50.png; sourceTree = "<group>"; };
		F039810D1804DD9900D436D4 /* icon57.png */ = {isa = PBXFileReference; lastKnownFileType = image.png; path = icon57.png; sourceTree = "<group>"; };
		F039810E1804DD9900D436D4 /* icon58.png */ = {isa = PBXFileReference; lastKnownFileType = image.png; path = icon58.png; sourceTree = "<group>"; };
		F039810F1804DD9900D436D4 /* icon72.png */ = {isa = PBXFileReference; lastKnownFileType = image.png; path = icon72.png; sourceTree = "<group>"; };
		F03981101804DD9900D436D4 /* icon76.png */ = {isa = PBXFileReference; lastKnownFileType = image.png; path = icon76.png; sourceTree = "<group>"; };
		F03981111804DD9900D436D4 /* icon80.png */ = {isa = PBXFileReference; lastKnownFileType = image.png; path = icon80.png; sourceTree = "<group>"; };
		F03981121804DD9900D436D4 /* icon100.png */ = {isa = PBXFileReference; lastKnownFileType = image.png; path = icon100.png; sourceTree = "<group>"; };
		F03981131804DD9900D436D4 /* icon114.png */ = {isa = PBXFileReference; lastKnownFileType = image.png; path = icon114.png; sourceTree = "<group>"; };
		F03981141804DD9900D436D4 /* icon120.png */ = {isa = PBXFileReference; lastKnownFileType = image.png; path = icon120.png; sourceTree = "<group>"; };
		F03981151804DD9900D436D4 /* icon144.png */ = {isa = PBXFileReference; lastKnownFileType = image.png; path = icon144.png; sourceTree = "<group>"; };
		F03981161804DD9900D436D4 /* icon152.png */ = {isa = PBXFileReference; lastKnownFileType = image.png; path = icon152.png; sourceTree = "<group>"; };
		F03E683B17F379E3000E1B5E /* SystemConfiguration.framework */ = {isa = PBXFileReference; lastKnownFileType = wrapper.framework; name = SystemConfiguration.framework; path = System/Library/Frameworks/SystemConfiguration.framework; sourceTree = SDKROOT; };
		F06CA81B17E902A400E13315 /* button.wav */ = {isa = PBXFileReference; lastKnownFileType = audio.wav; name = button.wav; path = ../Resources/button.wav; sourceTree = "<group>"; };
		F06CA81C17E902A400E13315 /* goal.mp3 */ = {isa = PBXFileReference; lastKnownFileType = audio.mp3; name = goal.mp3; path = ../Resources/goal.mp3; sourceTree = "<group>"; };
		F06CA81D17E902A400E13315 /* iphone */ = {isa = PBXFileReference; lastKnownFileType = folder; name = iphone; path = ../Resources/iphone; sourceTree = "<group>"; };
		F06CA81E17E902A400E13315 /* iphone5 */ = {isa = PBXFileReference; lastKnownFileType = folder; name = iphone5; path = ../Resources/iphone5; sourceTree = "<group>"; };
		F06CA81F17E902A400E13315 /* language_en */ = {isa = PBXFileReference; fileEncoding = 4; lastKnownFileType = text; name = language_en; path = ../Resources/language_en; sourceTree = "<group>"; };
		F06CA82017E902A400E13315 /* language_es */ = {isa = PBXFileReference; fileEncoding = 4; lastKnownFileType = text; name = language_es; path = ../Resources/language_es; sourceTree = "<group>"; };
		F06CA82417E902A400E13315 /* nexus10 */ = {isa = PBXFileReference; lastKnownFileType = folder; name = nexus10; path = ../Resources/nexus10; sourceTree = "<group>"; };
		F06CA82517E902A400E13315 /* puck_wall.wav */ = {isa = PBXFileReference; lastKnownFileType = audio.wav; name = puck_wall.wav; path = ../Resources/puck_wall.wav; sourceTree = "<group>"; };
		F06CA82617E902A400E13315 /* puck.wav */ = {isa = PBXFileReference; lastKnownFileType = audio.wav; name = puck.wav; path = ../Resources/puck.wav; sourceTree = "<group>"; };
		F07BB7131808C24D004408BF /* KiipSDK.framework */ = {isa = PBXFileReference; lastKnownFileType = wrapper.framework; name = KiipSDK.framework; path = ../../../../../KiipSDK.framework; sourceTree = "<group>"; };
		F07BB7171808C2D2004408BF /* CoreTelephony.framework */ = {isa = PBXFileReference; lastKnownFileType = wrapper.framework; name = CoreTelephony.framework; path = System/Library/Frameworks/CoreTelephony.framework; sourceTree = SDKROOT; };
		F07BB7191808C316004408BF /* AdSupport.framework */ = {isa = PBXFileReference; lastKnownFileType = wrapper.framework; name = AdSupport.framework; path = System/Library/Frameworks/AdSupport.framework; sourceTree = SDKROOT; };
		F07BB71B1808C331004408BF /* PassKit.framework */ = {isa = PBXFileReference; lastKnownFileType = wrapper.framework; name = PassKit.framework; path = System/Library/Frameworks/PassKit.framework; sourceTree = SDKROOT; };
		F07BB7241808CB57004408BF /* AppDelegate.cpp */ = {isa = PBXFileReference; fileEncoding = 4; lastKnownFileType = sourcecode.cpp.cpp; path = AppDelegate.cpp; sourceTree = "<group>"; };
		F07FCEFE1804D65C0087419F /* LondrinaSolid-Regular.ttf */ = {isa = PBXFileReference; lastKnownFileType = file; name = "LondrinaSolid-Regular.ttf"; path = "../Resources/LondrinaSolid-Regular.ttf"; sourceTree = "<group>"; };
		F0852480181418BA0052E114 /* SquareButton.cpp */ = {isa = PBXFileReference; fileEncoding = 4; lastKnownFileType = sourcecode.cpp.cpp; path = SquareButton.cpp; sourceTree = "<group>"; };
		F0852481181418BA0052E114 /* SquareButton.h */ = {isa = PBXFileReference; fileEncoding = 4; lastKnownFileType = sourcecode.c.h; path = SquareButton.h; sourceTree = "<group>"; };
		F08A05D217F5FF20007B15D3 /* flurry_helper.h */ = {isa = PBXFileReference; fileEncoding = 4; lastKnownFileType = sourcecode.c.h; path = flurry_helper.h; sourceTree = "<group>"; };
		F08A05D317F5FF20007B15D3 /* flurry_helper.mm */ = {isa = PBXFileReference; fileEncoding = 4; lastKnownFileType = sourcecode.cpp.objcpp; path = flurry_helper.mm; sourceTree = "<group>"; };
		F0A4706917E6933F00975F65 /* CCLocalizedString.cpp */ = {isa = PBXFileReference; fileEncoding = 4; lastKnownFileType = sourcecode.cpp.cpp; path = CCLocalizedString.cpp; sourceTree = "<group>"; };
		F0A4706A17E6933F00975F65 /* CCLocalizedString.h */ = {isa = PBXFileReference; fileEncoding = 4; lastKnownFileType = sourcecode.c.h; path = CCLocalizedString.h; sourceTree = "<group>"; };
		F0A4706B17E6933F00975F65 /* LevelsScene.cpp */ = {isa = PBXFileReference; fileEncoding = 4; lastKnownFileType = sourcecode.cpp.cpp; path = LevelsScene.cpp; sourceTree = "<group>"; };
		F0A4706C17E6933F00975F65 /* LevelsScene.h */ = {isa = PBXFileReference; fileEncoding = 4; lastKnownFileType = sourcecode.c.h; path = LevelsScene.h; sourceTree = "<group>"; };
		F0A4706D17E6933F00975F65 /* MenuScene.cpp */ = {isa = PBXFileReference; fileEncoding = 4; lastKnownFileType = sourcecode.cpp.cpp; path = MenuScene.cpp; sourceTree = "<group>"; };
		F0A4706E17E6933F00975F65 /* MenuScene.h */ = {isa = PBXFileReference; fileEncoding = 4; lastKnownFileType = sourcecode.c.h; path = MenuScene.h; sourceTree = "<group>"; };
		F0A4706F17E6933F00975F65 /* MenuSprite.cpp */ = {isa = PBXFileReference; fileEncoding = 4; lastKnownFileType = sourcecode.cpp.cpp; path = MenuSprite.cpp; sourceTree = "<group>"; };
		F0A4707017E6933F00975F65 /* MenuSprite.h */ = {isa = PBXFileReference; fileEncoding = 4; lastKnownFileType = sourcecode.c.h; path = MenuSprite.h; sourceTree = "<group>"; };
		F0A471D917E6990F00975F65 /* Export.h */ = {isa = PBXFileReference; fileEncoding = 4; lastKnownFileType = sourcecode.c.h; path = Export.h; sourceTree = "<group>"; };
		F0A471DA17E6990F00975F65 /* SimpleAudioEngine.h */ = {isa = PBXFileReference; fileEncoding = 4; lastKnownFileType = sourcecode.c.h; path = SimpleAudioEngine.h; sourceTree = "<group>"; };
		F0A471DC17E6992600975F65 /* CDAudioManager.h */ = {isa = PBXFileReference; fileEncoding = 4; lastKnownFileType = sourcecode.c.h; path = CDAudioManager.h; sourceTree = "<group>"; };
		F0A471DD17E6992600975F65 /* CDAudioManager.m */ = {isa = PBXFileReference; fileEncoding = 4; lastKnownFileType = sourcecode.c.objc; path = CDAudioManager.m; sourceTree = "<group>"; };
		F0A471DE17E6992600975F65 /* CDConfig.h */ = {isa = PBXFileReference; fileEncoding = 4; lastKnownFileType = sourcecode.c.h; path = CDConfig.h; sourceTree = "<group>"; };
		F0A471DF17E6992600975F65 /* CDOpenALSupport.h */ = {isa = PBXFileReference; fileEncoding = 4; lastKnownFileType = sourcecode.c.h; path = CDOpenALSupport.h; sourceTree = "<group>"; };
		F0A471E017E6992600975F65 /* CDOpenALSupport.m */ = {isa = PBXFileReference; fileEncoding = 4; lastKnownFileType = sourcecode.c.objc; path = CDOpenALSupport.m; sourceTree = "<group>"; };
		F0A471E117E6992600975F65 /* CocosDenshion.h */ = {isa = PBXFileReference; fileEncoding = 4; lastKnownFileType = sourcecode.c.h; path = CocosDenshion.h; sourceTree = "<group>"; };
		F0A471E217E6992600975F65 /* CocosDenshion.m */ = {isa = PBXFileReference; fileEncoding = 4; lastKnownFileType = sourcecode.c.objc; path = CocosDenshion.m; sourceTree = "<group>"; };
		F0A471E317E6992600975F65 /* SimpleAudioEngine.mm */ = {isa = PBXFileReference; fileEncoding = 4; lastKnownFileType = sourcecode.cpp.objcpp; path = SimpleAudioEngine.mm; sourceTree = "<group>"; };
		F0A471E417E6992600975F65 /* SimpleAudioEngine_objc.h */ = {isa = PBXFileReference; fileEncoding = 4; lastKnownFileType = sourcecode.c.h; path = SimpleAudioEngine_objc.h; sourceTree = "<group>"; };
		F0A471E517E6992600975F65 /* SimpleAudioEngine_objc.m */ = {isa = PBXFileReference; fileEncoding = 4; lastKnownFileType = sourcecode.c.objc; path = SimpleAudioEngine_objc.m; sourceTree = "<group>"; };
		F0CCBB48185955700066E819 /* StoreKit.framework */ = {isa = PBXFileReference; lastKnownFileType = wrapper.framework; name = StoreKit.framework; path = System/Library/Frameworks/StoreKit.framework; sourceTree = SDKROOT; };
		F0CCBB4A1859561E0066E819 /* libRevMobCocos2dx.a */ = {isa = PBXFileReference; lastKnownFileType = archive.ar; name = libRevMobCocos2dx.a; path = "../../../../../../Downloads/revmob-cocos2dx-sdk-1.1.0/iOS/libRevMobCocos2dx.a"; sourceTree = "<group>"; };
		F0CCBB4B1859561E0066E819 /* RevMob.h */ = {isa = PBXFileReference; fileEncoding = 4; lastKnownFileType = sourcecode.c.h; name = RevMob.h; path = "../../../../../../Downloads/revmob-cocos2dx-sdk-1.1.0/iOS/RevMob.h"; sourceTree = "<group>"; };
		F0CCBB5018595AE80066E819 /* Flurry.h */ = {isa = PBXFileReference; fileEncoding = 4; lastKnownFileType = sourcecode.c.h; path = Flurry.h; sourceTree = "<group>"; };
		F0CCBB5118595AE80066E819 /* libFlurry_4.2.3.a */ = {isa = PBXFileReference; lastKnownFileType = archive.ar; path = libFlurry_4.2.3.a; sourceTree = "<group>"; };
		F0FA78911809FC9300183A4C /* GameKit.framework */ = {isa = PBXFileReference; lastKnownFileType = wrapper.framework; name = GameKit.framework; path = System/Library/Frameworks/GameKit.framework; sourceTree = SDKROOT; };
		F0FA7893180A025D00183A4C /* PlayerModel.h */ = {isa = PBXFileReference; fileEncoding = 4; lastKnownFileType = sourcecode.c.h; path = PlayerModel.h; sourceTree = "<group>"; };
		F0FA7894180A025D00183A4C /* PlayerModel.m */ = {isa = PBXFileReference; fileEncoding = 4; lastKnownFileType = sourcecode.c.objc; path = PlayerModel.m; sourceTree = "<group>"; };
/* End PBXFileReference section */

/* Begin PBXFrameworksBuildPhase section */
		1D60588F0D05DD3D006BFB54 /* Frameworks */ = {
			isa = PBXFrameworksBuildPhase;
			buildActionMask = 2147483647;
			files = (
				F0CCBB49185955700066E819 /* StoreKit.framework in Frameworks */,
				F0FA78921809FC9300183A4C /* GameKit.framework in Frameworks */,
				F07BB71A1808C316004408BF /* AdSupport.framework in Frameworks */,
				F0132E3717F3821900ECF5AA /* Security.framework in Frameworks */,
				F03E683C17F379E3000E1B5E /* SystemConfiguration.framework in Frameworks */,
				F0CCBB5218595AE80066E819 /* libFlurry_4.2.3.a in Frameworks */,
				F0A471ED17E69AD500975F65 /* OpenAL.framework in Frameworks */,
				F0A471EC17E69AB800975F65 /* AVFoundation.framework in Frameworks */,
				F0A471EB17E69A8E00975F65 /* AudioToolbox.framework in Frameworks */,
				15A3D7B91682F609002FB0C5 /* libcocos2dx.a in Frameworks */,
				F0CCBB4C1859561E0066E819 /* libRevMobCocos2dx.a in Frameworks */,
				1D60589F0D05DD5A006BFB54 /* Foundation.framework in Frameworks */,
				1DF5F4E00D08C38300B7A737 /* UIKit.framework in Frameworks */,
				288765A50DF7441C002DB57D /* CoreGraphics.framework in Frameworks */,
				BF1373EF128A898400D9F789 /* OpenGLES.framework in Frameworks */,
				BF1373F0128A899500D9F789 /* libxml2.dylib in Frameworks */,
				BF1373F1128A899E00D9F789 /* libz.dylib in Frameworks */,
				BF13742F128A8E6A00D9F789 /* QuartzCore.framework in Frameworks */,
			);
			runOnlyForDeploymentPostprocessing = 0;
		};
/* End PBXFrameworksBuildPhase section */

/* Begin PBXGroup section */
		15A3D7AF1682F5EC002FB0C5 /* Products */ = {
			isa = PBXGroup;
			children = (
				15A3D7B61682F5ED002FB0C5 /* libcocos2dx.a */,
			);
			name = Products;
			sourceTree = "<group>";
		};
		19C28FACFE9D520D11CA2CBB /* Products */ = {
			isa = PBXGroup;
			children = (
				1D6058910D05DD3D006BFB54 /* Hockey.app */,
			);
			name = Products;
			sourceTree = "<group>";
		};
		29B97314FDCFA39411CA2CEA /* CustomTemplate */ = {
			isa = PBXGroup;
			children = (
				F0CCBB4F18595AE80066E819 /* Flurry */,
				F0CCBB4A1859561E0066E819 /* libRevMobCocos2dx.a */,
				F0CCBB4B1859561E0066E819 /* RevMob.h */,
				F0247A1017F798EF00D30678 /* flurry_api_key.txt */,
				F06CA81A17E901E500E13315 /* Resources */,
				F0A471D717E698E800975F65 /* CocosDenshion */,
				846431F317AB024300D38FC8 /* Default-Landscape~ipad.png */,
				846431F117AB023500D38FC8 /* Default-Landscape@2x~ipad.png */,
				846431EF17AB015000D38FC8 /* Default-Portrait@2x~ipad.png */,
				846431ED17AB013E00D38FC8 /* Default-Portrait~ipad.png */,
				846431EB17AB010200D38FC8 /* Default-568h@2x.png */,
				846431E917AB00F100D38FC8 /* Default@2x.png */,
				846431E717AB00DF00D38FC8 /* Default.png */,
				846431DB17AB007E00D38FC8 /* icons */,
				84AB1EDC179857840076489C /* Classes */,
				15A3D7AE1682F5EC002FB0C5 /* cocos2dx.xcodeproj */,
				29B97323FDCFA39411CA2CEA /* Frameworks */,
				BF5681CC1313A84D0055EEAC /* ios */,
				19C28FACFE9D520D11CA2CBB /* Products */,
			);
			name = CustomTemplate;
			sourceTree = "<group>";
		};
		29B97323FDCFA39411CA2CEA /* Frameworks */ = {
			isa = PBXGroup;
			children = (
				F0CCBB48185955700066E819 /* StoreKit.framework */,
				F0FA78911809FC9300183A4C /* GameKit.framework */,
				F07BB71B1808C331004408BF /* PassKit.framework */,
				F07BB7191808C316004408BF /* AdSupport.framework */,
				F07BB7171808C2D2004408BF /* CoreTelephony.framework */,
				F07BB7131808C24D004408BF /* KiipSDK.framework */,
				F0132E3617F3821900ECF5AA /* Security.framework */,
				F03E683B17F379E3000E1B5E /* SystemConfiguration.framework */,
				BF492B6912891AC600A09262 /* libz.dylib */,
				BF137426128A8E4600D9F789 /* QuartzCore.framework */,
				BF492D4B1289302400A09262 /* OpenGLES.framework */,
				BF492C21128924A800A09262 /* libxml2.dylib */,
				1DF5F4DF0D08C38300B7A737 /* UIKit.framework */,
				1D30AB110D05D00D00671497 /* Foundation.framework */,
				288765A40DF7441C002DB57D /* CoreGraphics.framework */,
				781C33B11547F06B00633F88 /* OpenAL.framework */,
				781C33B31547F06B00633F88 /* AudioToolbox.framework */,
				781C33B51547F06B00633F88 /* AVFoundation.framework */,
			);
			name = Frameworks;
			sourceTree = "<group>";
		};
		846431DB17AB007E00D38FC8 /* icons */ = {
			isa = PBXGroup;
			children = (
				F039810A1804DD9900D436D4 /* icon29.png */,
				F039810B1804DD9900D436D4 /* icon40.png */,
				F039810C1804DD9900D436D4 /* icon50.png */,
				F039810D1804DD9900D436D4 /* icon57.png */,
				F039810E1804DD9900D436D4 /* icon58.png */,
				F039810F1804DD9900D436D4 /* icon72.png */,
				F03981101804DD9900D436D4 /* icon76.png */,
				F03981111804DD9900D436D4 /* icon80.png */,
				F03981121804DD9900D436D4 /* icon100.png */,
				F03981131804DD9900D436D4 /* icon114.png */,
				F03981141804DD9900D436D4 /* icon120.png */,
				F03981151804DD9900D436D4 /* icon144.png */,
				F03981161804DD9900D436D4 /* icon152.png */,
			);
			name = icons;
			sourceTree = "<group>";
		};
		84AB1EDC179857840076489C /* Classes */ = {
			isa = PBXGroup;
			children = (
				F0852480181418BA0052E114 /* SquareButton.cpp */,
				F0852481181418BA0052E114 /* SquareButton.h */,
				F0A4706917E6933F00975F65 /* CCLocalizedString.cpp */,
				F0A4706A17E6933F00975F65 /* CCLocalizedString.h */,
				F0A4706B17E6933F00975F65 /* LevelsScene.cpp */,
				F0A4706C17E6933F00975F65 /* LevelsScene.h */,
				F0A4706D17E6933F00975F65 /* MenuScene.cpp */,
				F0A4706E17E6933F00975F65 /* MenuScene.h */,
				F0A4706F17E6933F00975F65 /* MenuSprite.cpp */,
				F0A4707017E6933F00975F65 /* MenuSprite.h */,
				F07BB7241808CB57004408BF /* AppDelegate.cpp */,
				84AB1EDE179857840076489C /* AppDelegate.h */,
				84AB1EDF179857840076489C /* HockeyScene.cpp */,
				84AB1EE0179857840076489C /* HockeyScene.h */,
				84AB1EE1179857840076489C /* VectorSprite.cpp */,
				84AB1EE2179857840076489C /* VectorSprite.h */,
			);
			name = Classes;
			path = ../Classes;
			sourceTree = "<group>";
		};
		BF5681CC1313A84D0055EEAC /* ios */ = {
			isa = PBXGroup;
			children = (
				F00074FB181417C200BD3715 /* game_center.h */,
				F00074FC181417C200BD3715 /* game_center.mm */,
				F0FA7893180A025D00183A4C /* PlayerModel.h */,
				F0FA7894180A025D00183A4C /* PlayerModel.m */,
				D4ABB4B213B4395300552E6E /* main.m */,
				BF365AA612A103F70050DCF4 /* AppController.h */,
				BF365AA712A103F70050DCF4 /* AppController.mm */,
				BF4DE6AB138BB89600CF907D /* RootViewController.h */,
				BF4DE6AC138BB89600CF907D /* RootViewController.mm */,
				F08A05D217F5FF20007B15D3 /* flurry_helper.h */,
				F08A05D317F5FF20007B15D3 /* flurry_helper.mm */,
			);
			name = ios;
			sourceTree = "<group>";
		};
		F06CA81A17E901E500E13315 /* Resources */ = {
			isa = PBXGroup;
			children = (
				F07FCEFE1804D65C0087419F /* LondrinaSolid-Regular.ttf */,
				F06CA81B17E902A400E13315 /* button.wav */,
				F06CA81C17E902A400E13315 /* goal.mp3 */,
				F06CA81D17E902A400E13315 /* iphone */,
				F06CA81E17E902A400E13315 /* iphone5 */,
				F06CA81F17E902A400E13315 /* language_en */,
				F06CA82017E902A400E13315 /* language_es */,
				F06CA82417E902A400E13315 /* nexus10 */,
				F06CA82517E902A400E13315 /* puck_wall.wav */,
				F06CA82617E902A400E13315 /* puck.wav */,
			);
			name = Resources;
			sourceTree = "<group>";
		};
		F0A471D717E698E800975F65 /* CocosDenshion */ = {
			isa = PBXGroup;
			children = (
				F0A471DB17E6992600975F65 /* ios */,
				F0A471D817E6990F00975F65 /* include */,
			);
			name = CocosDenshion;
			sourceTree = "<group>";
		};
		F0A471D817E6990F00975F65 /* include */ = {
			isa = PBXGroup;
			children = (
				F0A471D917E6990F00975F65 /* Export.h */,
				F0A471DA17E6990F00975F65 /* SimpleAudioEngine.h */,
			);
			name = include;
			path = ../../../../CocosDenshion/include;
			sourceTree = "<group>";
		};
		F0A471DB17E6992600975F65 /* ios */ = {
			isa = PBXGroup;
			children = (
				F0A471DC17E6992600975F65 /* CDAudioManager.h */,
				F0A471DD17E6992600975F65 /* CDAudioManager.m */,
				F0A471DE17E6992600975F65 /* CDConfig.h */,
				F0A471DF17E6992600975F65 /* CDOpenALSupport.h */,
				F0A471E017E6992600975F65 /* CDOpenALSupport.m */,
				F0A471E117E6992600975F65 /* CocosDenshion.h */,
				F0A471E217E6992600975F65 /* CocosDenshion.m */,
				F0A471E317E6992600975F65 /* SimpleAudioEngine.mm */,
				F0A471E417E6992600975F65 /* SimpleAudioEngine_objc.h */,
				F0A471E517E6992600975F65 /* SimpleAudioEngine_objc.m */,
			);
			name = ios;
			path = ../../../../CocosDenshion/ios;
			sourceTree = "<group>";
		};
		F0CCBB4F18595AE80066E819 /* Flurry */ = {
			isa = PBXGroup;
			children = (
				F0CCBB5018595AE80066E819 /* Flurry.h */,
				F0CCBB5118595AE80066E819 /* libFlurry_4.2.3.a */,
			);
			name = Flurry;
			path = ../../../../../../Desktop/Flurry;
			sourceTree = "<group>";
		};
/* End PBXGroup section */

/* Begin PBXNativeTarget section */
		1D6058900D05DD3D006BFB54 /* Hockey */ = {
			isa = PBXNativeTarget;
			buildConfigurationList = 1D6058960D05DD3E006BFB54 /* Build configuration list for PBXNativeTarget "Hockey" */;
			buildPhases = (
				1D60588D0D05DD3D006BFB54 /* Resources */,
				1D60588E0D05DD3D006BFB54 /* Sources */,
				1D60588F0D05DD3D006BFB54 /* Frameworks */,
			);
			buildRules = (
			);
			dependencies = (
				15A3D7B81682F600002FB0C5 /* PBXTargetDependency */,
			);
			name = Hockey;
			productName = HelloWorld;
			productReference = 1D6058910D05DD3D006BFB54 /* Hockey.app */;
			productType = "com.apple.product-type.application";
		};
/* End PBXNativeTarget section */

/* Begin PBXProject section */
		29B97313FDCFA39411CA2CEA /* Project object */ = {
			isa = PBXProject;
			attributes = {
				LastUpgradeCheck = 0500;
				TargetAttributes = {
					1D6058900D05DD3D006BFB54 = {
						DevelopmentTeam = A5T9X3NS8C;
					};
				};
			};
			buildConfigurationList = C01FCF4E08A954540054247B /* Build configuration list for PBXProject "Hockey" */;
			compatibilityVersion = "Xcode 3.2";
			developmentRegion = English;
			hasScannedForEncodings = 1;
			knownRegions = (
				English,
				Japanese,
				French,
				German,
			);
			mainGroup = 29B97314FDCFA39411CA2CEA /* CustomTemplate */;
			projectDirPath = "";
			projectReferences = (
				{
					ProductGroup = 15A3D7AF1682F5EC002FB0C5 /* Products */;
					ProjectRef = 15A3D7AE1682F5EC002FB0C5 /* cocos2dx.xcodeproj */;
				},
			);
			projectRoot = "";
			targets = (
				1D6058900D05DD3D006BFB54 /* Hockey */,
			);
		};
/* End PBXProject section */

/* Begin PBXReferenceProxy section */
		15A3D7B61682F5ED002FB0C5 /* libcocos2dx.a */ = {
			isa = PBXReferenceProxy;
			fileType = archive.ar;
			path = libcocos2dx.a;
			remoteRef = 15A3D7B51682F5ED002FB0C5 /* PBXContainerItemProxy */;
			sourceTree = BUILT_PRODUCTS_DIR;
		};
/* End PBXReferenceProxy section */

/* Begin PBXResourcesBuildPhase section */
		1D60588D0D05DD3D006BFB54 /* Resources */ = {
			isa = PBXResourcesBuildPhase;
			buildActionMask = 2147483647;
			files = (
				F039811E1804DD9900D436D4 /* icon80.png in Resources */,
				846431E817AB00DF00D38FC8 /* Default.png in Resources */,
				F039811F1804DD9900D436D4 /* icon100.png in Resources */,
				F03981211804DD9900D436D4 /* icon120.png in Resources */,
				F03981171804DD9900D436D4 /* icon29.png in Resources */,
				846431EA17AB00F100D38FC8 /* Default@2x.png in Resources */,
				F07FCEFF1804D65C0087419F /* LondrinaSolid-Regular.ttf in Resources */,
				846431EC17AB010200D38FC8 /* Default-568h@2x.png in Resources */,
				F03981221804DD9900D436D4 /* icon144.png in Resources */,
				846431EE17AB013E00D38FC8 /* Default-Portrait~ipad.png in Resources */,
				846431F017AB015000D38FC8 /* Default-Portrait@2x~ipad.png in Resources */,
				846431F217AB023500D38FC8 /* Default-Landscape@2x~ipad.png in Resources */,
				F03981191804DD9900D436D4 /* icon50.png in Resources */,
				846431F417AB024300D38FC8 /* Default-Landscape~ipad.png in Resources */,
				F06CA82717E902A400E13315 /* button.wav in Resources */,
				F03981231804DD9900D436D4 /* icon152.png in Resources */,
				F06CA82817E902A400E13315 /* goal.mp3 in Resources */,
				F06CA82917E902A400E13315 /* iphone in Resources */,
				F06CA82A17E902A400E13315 /* iphone5 in Resources */,
				F039811B1804DD9900D436D4 /* icon58.png in Resources */,
				F039811A1804DD9900D436D4 /* icon57.png in Resources */,
				F06CA82B17E902A400E13315 /* language_en in Resources */,
				F03981181804DD9900D436D4 /* icon40.png in Resources */,
				F06CA82C17E902A400E13315 /* language_es in Resources */,
				F03981201804DD9900D436D4 /* icon114.png in Resources */,
				F06CA83017E902A400E13315 /* nexus10 in Resources */,
				F06CA83117E902A400E13315 /* puck_wall.wav in Resources */,
				F06CA83217E902A400E13315 /* puck.wav in Resources */,
				F0247A1117F798EF00D30678 /* flurry_api_key.txt in Resources */,
				F039811C1804DD9900D436D4 /* icon72.png in Resources */,
				F039811D1804DD9900D436D4 /* icon76.png in Resources */,
			);
			runOnlyForDeploymentPostprocessing = 0;
		};
/* End PBXResourcesBuildPhase section */

/* Begin PBXSourcesBuildPhase section */
		1D60588E0D05DD3D006BFB54 /* Sources */ = {
			isa = PBXSourcesBuildPhase;
			buildActionMask = 2147483647;
			files = (
				BF365AA812A103F70050DCF4 /* AppController.mm in Sources */,
				BF4DE6AD138BB89600CF907D /* RootViewController.mm in Sources */,
				F0852482181418BA0052E114 /* SquareButton.cpp in Sources */,
				F07BB7251808CB57004408BF /* AppDelegate.cpp in Sources */,
				D4ABB4B313B4395300552E6E /* main.m in Sources */,
				84AB1EE4179857840076489C /* HockeyScene.cpp in Sources */,
				84AB1EE5179857840076489C /* VectorSprite.cpp in Sources */,
				F0A4707117E6933F00975F65 /* CCLocalizedString.cpp in Sources */,
				F0A4707217E6933F00975F65 /* LevelsScene.cpp in Sources */,
				F0A4707317E6933F00975F65 /* MenuScene.cpp in Sources */,
				F0A4707417E6933F00975F65 /* MenuSprite.cpp in Sources */,
				F0A471E617E6992600975F65 /* CDAudioManager.m in Sources */,
				F0A471E717E6992600975F65 /* CDOpenALSupport.m in Sources */,
				F0FA7897180A025D00183A4C /* PlayerModel.m in Sources */,
				F0A471E817E6992600975F65 /* CocosDenshion.m in Sources */,
				F0A471E917E6992600975F65 /* SimpleAudioEngine.mm in Sources */,
				F0A471EA17E6992600975F65 /* SimpleAudioEngine_objc.m in Sources */,
				F08A05D417F5FF20007B15D3 /* flurry_helper.mm in Sources */,
				F00074FD181417C200BD3715 /* game_center.mm in Sources */,
			);
			runOnlyForDeploymentPostprocessing = 0;
		};
/* End PBXSourcesBuildPhase section */

/* Begin PBXTargetDependency section */
		15A3D7B81682F600002FB0C5 /* PBXTargetDependency */ = {
			isa = PBXTargetDependency;
			name = cocos2dx;
			targetProxy = 15A3D7B71682F600002FB0C5 /* PBXContainerItemProxy */;
		};
/* End PBXTargetDependency section */

/* Begin XCBuildConfiguration section */
		1D6058940D05DD3E006BFB54 /* Debug */ = {
			isa = XCBuildConfiguration;
			buildSettings = {
				ALWAYS_SEARCH_USER_PATHS = NO;
				CODE_SIGN_IDENTITY = "iPhone Distribution: Juan Castro (A5T9X3NS8C)";
				"CODE_SIGN_IDENTITY[sdk=iphoneos*]" = "iPhone Distribution: Juan Castro (A5T9X3NS8C)";
				COPY_PHASE_STRIP = NO;
				FRAMEWORK_SEARCH_PATHS = (
					"$(inherited)",
					/Users/user9227/Documents,
				);
				GCC_DYNAMIC_NO_PIC = NO;
				GCC_INLINES_ARE_PRIVATE_EXTERN = NO;
				GCC_OPTIMIZATION_LEVEL = 0;
				GCC_PRECOMPILE_PREFIX_HEADER = YES;
				GCC_PREFIX_HEADER = Hockey_Prefix.pch;
				GCC_PREPROCESSOR_DEFINITIONS = (
					USE_FILE32API,
					CC_TARGET_OS_IPHONE,
					"COCOS2D_DEBUG=1",
				);
				GCC_PREPROCESSOR_DEFINITIONS_NOT_USED_IN_PRECOMPS = "";
				GCC_SYMBOLS_PRIVATE_EXTERN = NO;
				GCC_VERSION = com.apple.compilers.llvm.clang.1_0;
				HEADER_SEARCH_PATHS = (
					"\"$(SDKROOT)/usr/include/libxml2/\"",
					"\"$(SRCROOT)/../../../../cocos2dx/include\"",
					"\"$(SRCROOT)/../../../../cocos2dx\"",
					"\"$(SRCROOT)/../../../../cocos2dx/platform/ios\"",
					"\"$(SRCROOT)/../../../../cocos2dx/kazmath/include\"",
					"$(SRCROOT)/../../../../external/chipmunk/include/chipmunk",
					"\"$(SRCROOT)/../../../../CocosDenshion/include\"",
				);
				INFOPLIST_FILE = "Hockey-Info.plist";
				IPHONEOS_DEPLOYMENT_TARGET = 6.1;
				LIBRARY_SEARCH_PATHS = (
					"$(inherited)",
					"/Users/user9227/Downloads/revmob-cocos2dx-sdk-1.1.0/iOS",
					/Users/user9227/Desktop/Flurry,
				);
				PRODUCT_NAME = Hockey;
				PROVISIONING_PROFILE = "ED43E02B-8679-4095-A55D-8E0E2716CD39";
				"PROVISIONING_PROFILE[sdk=iphoneos*]" = "ED43E02B-8679-4095-A55D-8E0E2716CD39";
				SDKROOT = iphoneos;
				TARGETED_DEVICE_FAMILY = "1,2";
				USER_HEADER_SEARCH_PATHS = "";
				VALIDATE_PRODUCT = YES;
				VALID_ARCHS = "armv6 armv7 i386";
			};
			name = Debug;
		};
		1D6058950D05DD3E006BFB54 /* Release */ = {
			isa = XCBuildConfiguration;
			buildSettings = {
				ALWAYS_SEARCH_USER_PATHS = NO;
				CODE_SIGN_IDENTITY = "iPhone Distribution: Juan Castro (A5T9X3NS8C)";
				"CODE_SIGN_IDENTITY[sdk=iphoneos*]" = "iPhone Distribution: Juan Castro (A5T9X3NS8C)";
				COPY_PHASE_STRIP = YES;
				FRAMEWORK_SEARCH_PATHS = (
					"$(inherited)",
					/Users/user9227/Documents,
				);
				GCC_INLINES_ARE_PRIVATE_EXTERN = NO;
				GCC_PRECOMPILE_PREFIX_HEADER = YES;
				GCC_PREFIX_HEADER = Hockey_Prefix.pch;
				GCC_PREPROCESSOR_DEFINITIONS = (
					USE_FILE32API,
					CC_TARGET_OS_IPHONE,
				);
				GCC_PREPROCESSOR_DEFINITIONS_NOT_USED_IN_PRECOMPS = "";
				GCC_SYMBOLS_PRIVATE_EXTERN = NO;
				GCC_VERSION = com.apple.compilers.llvm.clang.1_0;
				HEADER_SEARCH_PATHS = (
					"\"$(SDKROOT)/usr/include/libxml2/\"",
					"\"$(SRCROOT)/../../../../cocos2dx/include\"",
					"\"$(SRCROOT)/../../../../cocos2dx\"",
					"\"$(SRCROOT)/../../../../cocos2dx/platform/ios\"",
					"\"$(SRCROOT)/../../../../cocos2dx/kazmath/include\"",
					"$(SRCROOT)/../../../../external/chipmunk/include/chipmunk",
					"\"$(SRCROOT)/../../../../CocosDenshion/include\"",
				);
				INFOPLIST_FILE = "Hockey-Info.plist";
				IPHONEOS_DEPLOYMENT_TARGET = 6.1;
				LIBRARY_SEARCH_PATHS = (
					"$(inherited)",
					"/Users/user9227/Downloads/revmob-cocos2dx-sdk-1.1.0/iOS",
					/Users/user9227/Desktop/Flurry,
				);
				PRODUCT_NAME = Hockey;
				PROVISIONING_PROFILE = "ED43E02B-8679-4095-A55D-8E0E2716CD39";
				"PROVISIONING_PROFILE[sdk=iphoneos*]" = "ED43E02B-8679-4095-A55D-8E0E2716CD39";
				SDKROOT = iphoneos;
				TARGETED_DEVICE_FAMILY = "1,2";
				USER_HEADER_SEARCH_PATHS = "";
				VALIDATE_PRODUCT = YES;
				VALID_ARCHS = "armv6 armv7 i386";
			};
			name = Release;
		};
		C01FCF4F08A954540054247B /* Debug */ = {
			isa = XCBuildConfiguration;
			buildSettings = {
				CODE_SIGN_IDENTITY = "iPhone Distribution: Juan Castro (A5T9X3NS8C)";
				"CODE_SIGN_IDENTITY[sdk=iphoneos*]" = "iPhone Distribution: Juan Castro (A5T9X3NS8C)";
				GCC_C_LANGUAGE_STANDARD = c99;
				GCC_VERSION = "";
				GCC_WARN_ABOUT_RETURN_TYPE = YES;
				GCC_WARN_UNUSED_VARIABLE = YES;
				ONLY_ACTIVE_ARCH = YES;
				PROVISIONING_PROFILE = "ED43E02B-8679-4095-A55D-8E0E2716CD39";
				"PROVISIONING_PROFILE[sdk=iphoneos*]" = "ED43E02B-8679-4095-A55D-8E0E2716CD39";
				SDKROOT = iphoneos;
				VALID_ARCHS = "armv6 armv7 i386";
			};
			name = Debug;
		};
		C01FCF5008A954540054247B /* Release */ = {
			isa = XCBuildConfiguration;
			buildSettings = {
				CODE_SIGN_IDENTITY = "iPhone Distribution: Juan Castro (A5T9X3NS8C)";
				"CODE_SIGN_IDENTITY[sdk=iphoneos*]" = "iPhone Distribution: Juan Castro (A5T9X3NS8C)";
				GCC_C_LANGUAGE_STANDARD = c99;
				GCC_VERSION = "";
				GCC_WARN_ABOUT_RETURN_TYPE = YES;
				GCC_WARN_UNUSED_VARIABLE = YES;
				OTHER_CFLAGS = "-DNS_BLOCK_ASSERTIONS=1";
				PROVISIONING_PROFILE = "ED43E02B-8679-4095-A55D-8E0E2716CD39";
				"PROVISIONING_PROFILE[sdk=iphoneos*]" = "ED43E02B-8679-4095-A55D-8E0E2716CD39";
				SDKROOT = iphoneos;
				VALID_ARCHS = "armv6 armv7 i386";
			};
			name = Release;
		};
/* End XCBuildConfiguration section */

/* Begin XCConfigurationList section */
		1D6058960D05DD3E006BFB54 /* Build configuration list for PBXNativeTarget "Hockey" */ = {
			isa = XCConfigurationList;
			buildConfigurations = (
				1D6058940D05DD3E006BFB54 /* Debug */,
				1D6058950D05DD3E006BFB54 /* Release */,
			);
			defaultConfigurationIsVisible = 0;
			defaultConfigurationName = Release;
		};
		C01FCF4E08A954540054247B /* Build configuration list for PBXProject "Hockey" */ = {
			isa = XCConfigurationList;
			buildConfigurations = (
				C01FCF4F08A954540054247B /* Debug */,
				C01FCF5008A954540054247B /* Release */,
			);
			defaultConfigurationIsVisible = 0;
			defaultConfigurationName = Release;
		};
/* End XCConfigurationList section */
	};
	rootObject = 29B97313FDCFA39411CA2CEA /* Project object */;
}
